<?xml version="1.0" encoding="utf-8"?>
<Project ToolsVersion="4.0" xmlns="http://schemas.microsoft.com/developer/msbuild/2003">
  <ItemGroup>
    <ClCompile Include="Card.cpp" />
    <ClCompile Include="Game.cpp" />
    <ClCompile Include="stdafx.cpp" />
    <ClCompile Include="tinyxml2.cpp">
      <Filter>XML</Filter>
    </ClCompile>
    <ClCompile Include="XMLFunctions.cpp">
      <Filter>XML</Filter>
    </ClCompile>
    <ClCompile Include="XMLReader.cpp">
      <Filter>XML</Filter>
    </ClCompile>
  </ItemGroup>
  <ItemGroup>
    <ClInclude Include="Card.h" />
    <ClInclude Include="Game.h" />
    <ClInclude Include="stdafx.h" />
    <ClInclude Include="tinyxml2.h">
      <Filter>XML</Filter>
    </ClInclude>
    <ClInclude Include="XMLFunctions.h">
      <Filter>XML</Filter>
    </ClInclude>
    <ClInclude Include="XMLReader.h">
      <Filter>XML</Filter>
    </ClInclude>
  </ItemGroup>
  <ItemGroup>
    <Filter Include="XML">
      <UniqueIdentifier>{ea1adb9a-f994-4b7b-8f0e-ade0cdd77af4}</UniqueIdentifier>
    </Filter>
  </ItemGroup>
</Project>