<?xml version="1.0" encoding="utf-8"?>
<Project ToolsVersion="4.0" xmlns="http://schemas.microsoft.com/developer/msbuild/2003">
  <ItemGroup>
    <ClCompile Include="Game.cpp" />
    <ClCompile Include="stdafx.cpp" />
    <ClCompile Include="tinyxml2.cpp">
      <Filter>XML</Filter>
    </ClCompile>
    <ClCompile Include="XMLFunctions.cpp">
      <Filter>XML</Filter>
    </ClCompile>
    <ClCompile Include="XMLReader.cpp">
      <Filter>XML</Filter>
    </ClCompile>
    <ClCompile Include="Card.cpp">
      <Filter>Card</Filter>
    </ClCompile>
    <ClCompile Include="CardFactory.cpp">
      <Filter>Card</Filter>
    </ClCompile>
    <ClCompile Include="AbilityBase.cpp">
      <Filter>Abilities</Filter>
    </ClCompile>
    <ClCompile Include="BaseState.cpp">
      <Filter>GameStates</Filter>
    </ClCompile>
    <ClCompile Include="CardGameState.cpp">
      <Filter>GameStates</Filter>
    </ClCompile>
    <ClCompile Include="Player.cpp">
      <Filter>CardGame</Filter>
    </ClCompile>
    <ClCompile Include="CardGameManager.cpp">
      <Filter>CardGame</Filter>
    </ClCompile>
    <ClCompile Include="StrikeAbility.cpp">
      <Filter>Abilities</Filter>
    </ClCompile>
    <ClCompile Include="CardHand.cpp">
      <Filter>CardGame</Filter>
    </ClCompile>
    <ClCompile Include="AnimationManager.cpp">
      <Filter>CardGame</Filter>
    </ClCompile>
    <ClCompile Include="AbilityStack.cpp">
      <Filter>CardGame</Filter>
    </ClCompile>
    <ClCompile Include="CardGameTextManager.cpp">
      <Filter>CardGame</Filter>
    </ClCompile>
    <ClCompile Include="HealAbility.cpp">
      <Filter>Abilities</Filter>
    </ClCompile>
  </ItemGroup>
  <ItemGroup>
    <ClInclude Include="Game.h" />
    <ClInclude Include="stdafx.h" />
    <ClInclude Include="tinyxml2.h">
      <Filter>XML</Filter>
    </ClInclude>
    <ClInclude Include="XMLFunctions.h">
      <Filter>XML</Filter>
    </ClInclude>
    <ClInclude Include="XMLReader.h">
      <Filter>XML</Filter>
    </ClInclude>
    <ClInclude Include="Card.h">
      <Filter>Card</Filter>
    </ClInclude>
    <ClInclude Include="CardData.h">
      <Filter>Card</Filter>
    </ClInclude>
    <ClInclude Include="CardFactory.h">
      <Filter>Card</Filter>
    </ClInclude>
    <ClInclude Include="AbilityBase.h">
      <Filter>Abilities</Filter>
    </ClInclude>
    <ClInclude Include="BaseState.h">
      <Filter>GameStates</Filter>
    </ClInclude>
    <ClInclude Include="CardGameState.h">
      <Filter>GameStates</Filter>
    </ClInclude>
    <ClInclude Include="Player.h">
      <Filter>CardGame</Filter>
    </ClInclude>
    <ClInclude Include="CardGameManager.h">
      <Filter>CardGame</Filter>
    </ClInclude>
    <ClInclude Include="StrikeAbility.h">
      <Filter>Abilities</Filter>
    </ClInclude>
    <ClInclude Include="AllAbilities.h">
      <Filter>Abilities</Filter>
    </ClInclude>
    <ClInclude Include="CardHand.h">
      <Filter>CardGame</Filter>
    </ClInclude>
    <ClInclude Include="AnimationManager.h">
      <Filter>CardGame</Filter>
    </ClInclude>
    <ClInclude Include="AbilityStack.h">
      <Filter>CardGame</Filter>
    </ClInclude>
    <ClInclude Include="CardGameTextManager.h">
      <Filter>CardGame</Filter>
    </ClInclude>
    <ClInclude Include="HealAbility.h">
      <Filter>Abilities</Filter>
    </ClInclude>
  </ItemGroup>
  <ItemGroup>
    <Filter Include="XML">
      <UniqueIdentifier>{ea1adb9a-f994-4b7b-8f0e-ade0cdd77af4}</UniqueIdentifier>
    </Filter>
    <Filter Include="Card">
      <UniqueIdentifier>{58a92d00-8924-4a2d-80d8-c66d93250b76}</UniqueIdentifier>
    </Filter>
    <Filter Include="Abilities">
      <UniqueIdentifier>{91e66654-3168-4535-87c3-cb867fae0883}</UniqueIdentifier>
    </Filter>
    <Filter Include="GameStates">
      <UniqueIdentifier>{5a626095-10e2-4478-99c4-76ebbd6205c5}</UniqueIdentifier>
    </Filter>
    <Filter Include="CardGame">
      <UniqueIdentifier>{c2c08fb1-04c1-4738-b849-1b33e62dc157}</UniqueIdentifier>
    </Filter>
  </ItemGroup>
</Project>